// !$*UTF8*$!
{
	archiveVersion = 1;
	classes = {
	};
	objectVersion = 52;
	objects = {

/* Begin PBXBuildFile section */
		B55067FE25DAC16A00E80037 /* ApiNews_v1_0App.swift in Sources */ = {isa = PBXBuildFile; fileRef = B55067FD25DAC16A00E80037 /* ApiNews_v1_0App.swift */; };
		B550680225DAC16B00E80037 /* Assets.xcassets in Resources */ = {isa = PBXBuildFile; fileRef = B550680125DAC16B00E80037 /* Assets.xcassets */; };
		B550680525DAC16B00E80037 /* Preview Assets.xcassets in Resources */ = {isa = PBXBuildFile; fileRef = B550680425DAC16B00E80037 /* Preview Assets.xcassets */; };
		B550680F25DAC1C500E80037 /* HomeView.swift in Sources */ = {isa = PBXBuildFile; fileRef = B550680E25DAC1C500E80037 /* HomeView.swift */; };
		B582C66825DD2B4000F75060 /* ErrorView.swift in Sources */ = {isa = PBXBuildFile; fileRef = B582C66725DD2B4000F75060 /* ErrorView.swift */; };
		B597C3D425DAC79600FB9AA7 /* NewsResponse.swift in Sources */ = {isa = PBXBuildFile; fileRef = B597C3D325DAC79600FB9AA7 /* NewsResponse.swift */; };
		B597C3D925DAC8BD00FB9AA7 /* NewsEndPoint.swift in Sources */ = {isa = PBXBuildFile; fileRef = B597C3D825DAC8BD00FB9AA7 /* NewsEndPoint.swift */; };
		B597C3DE25DACB1100FB9AA7 /* APIError.swift in Sources */ = {isa = PBXBuildFile; fileRef = B597C3DD25DACB1100FB9AA7 /* APIError.swift */; };
		B597C3E325DACFE600FB9AA7 /* NewsService.swift in Sources */ = {isa = PBXBuildFile; fileRef = B597C3E225DACFE600FB9AA7 /* NewsService.swift */; };
		B597C3E825DBE13100FB9AA7 /* ResultState.swift in Sources */ = {isa = PBXBuildFile; fileRef = B597C3E725DBE13100FB9AA7 /* ResultState.swift */; };
		B597C3ED25DBE1D600FB9AA7 /* NewViewModel.swift in Sources */ = {isa = PBXBuildFile; fileRef = B597C3EC25DBE1D600FB9AA7 /* NewViewModel.swift */; };
		B597C3F225DBE91100FB9AA7 /* URLImage in Frameworks */ = {isa = PBXBuildFile; productRef = B597C3F125DBE91100FB9AA7 /* URLImage */; };
		B597C3F925DBE95200FB9AA7 /* ArticleView.swift in Sources */ = {isa = PBXBuildFile; fileRef = B597C3F825DBE95200FB9AA7 /* ArticleView.swift */; };
/* End PBXBuildFile section */

/* Begin PBXFileReference section */
		B55067FA25DAC16A00E80037 /* ApiNews_v1.0.app */ = {isa = PBXFileReference; explicitFileType = wrapper.application; includeInIndex = 0; path = ApiNews_v1.0.app; sourceTree = BUILT_PRODUCTS_DIR; };
		B55067FD25DAC16A00E80037 /* ApiNews_v1_0App.swift */ = {isa = PBXFileReference; lastKnownFileType = sourcecode.swift; path = ApiNews_v1_0App.swift; sourceTree = "<group>"; };
		B550680125DAC16B00E80037 /* Assets.xcassets */ = {isa = PBXFileReference; lastKnownFileType = folder.assetcatalog; path = Assets.xcassets; sourceTree = "<group>"; };
		B550680425DAC16B00E80037 /* Preview Assets.xcassets */ = {isa = PBXFileReference; lastKnownFileType = folder.assetcatalog; path = "Preview Assets.xcassets"; sourceTree = "<group>"; };
		B550680625DAC16B00E80037 /* Info.plist */ = {isa = PBXFileReference; lastKnownFileType = text.plist.xml; path = Info.plist; sourceTree = "<group>"; };
		B550680E25DAC1C500E80037 /* HomeView.swift */ = {isa = PBXFileReference; lastKnownFileType = sourcecode.swift; path = HomeView.swift; sourceTree = "<group>"; };
		B582C66725DD2B4000F75060 /* ErrorView.swift */ = {isa = PBXFileReference; lastKnownFileType = sourcecode.swift; path = ErrorView.swift; sourceTree = "<group>"; };
		B597C3D325DAC79600FB9AA7 /* NewsResponse.swift */ = {isa = PBXFileReference; lastKnownFileType = sourcecode.swift; path = NewsResponse.swift; sourceTree = "<group>"; };
		B597C3D825DAC8BD00FB9AA7 /* NewsEndPoint.swift */ = {isa = PBXFileReference; lastKnownFileType = sourcecode.swift; path = NewsEndPoint.swift; sourceTree = "<group>"; };
		B597C3DD25DACB1100FB9AA7 /* APIError.swift */ = {isa = PBXFileReference; lastKnownFileType = sourcecode.swift; path = APIError.swift; sourceTree = "<group>"; };
		B597C3E225DACFE600FB9AA7 /* NewsService.swift */ = {isa = PBXFileReference; lastKnownFileType = sourcecode.swift; path = NewsService.swift; sourceTree = "<group>"; };
		B597C3E725DBE13100FB9AA7 /* ResultState.swift */ = {isa = PBXFileReference; lastKnownFileType = sourcecode.swift; path = ResultState.swift; sourceTree = "<group>"; };
		B597C3EC25DBE1D600FB9AA7 /* NewViewModel.swift */ = {isa = PBXFileReference; lastKnownFileType = sourcecode.swift; path = NewViewModel.swift; sourceTree = "<group>"; };
		B597C3F825DBE95200FB9AA7 /* ArticleView.swift */ = {isa = PBXFileReference; lastKnownFileType = sourcecode.swift; path = ArticleView.swift; sourceTree = "<group>"; };
/* End PBXFileReference section */

/* Begin PBXFrameworksBuildPhase section */
		B55067F725DAC16A00E80037 /* Frameworks */ = {
			isa = PBXFrameworksBuildPhase;
			buildActionMask = 2147483647;
			files = (
				B597C3F225DBE91100FB9AA7 /* URLImage in Frameworks */,
			);
			runOnlyForDeploymentPostprocessing = 0;
		};
/* End PBXFrameworksBuildPhase section */

/* Begin PBXGroup section */
		B55067F125DAC16900E80037 = {
			isa = PBXGroup;
			children = (
				B55067FC25DAC16A00E80037 /* ApiNews_v1.0 */,
				B55067FB25DAC16A00E80037 /* Products */,
			);
			sourceTree = "<group>";
		};
		B55067FB25DAC16A00E80037 /* Products */ = {
			isa = PBXGroup;
			children = (
				B55067FA25DAC16A00E80037 /* ApiNews_v1.0.app */,
			);
			name = Products;
			sourceTree = "<group>";
		};
		B55067FC25DAC16A00E80037 /* ApiNews_v1.0 */ = {
			isa = PBXGroup;
			children = (
				B597C3EB25DBE1BE00FB9AA7 /* ViewModel */,
				B597C3E625DBE11C00FB9AA7 /* States */,
				B597C3E125DACFCB00FB9AA7 /* Service */,
				B597C3DC25DACAE600FB9AA7 /* Error */,
				B597C3D725DAC87400FB9AA7 /* EndPoint */,
				B597C3D225DAC76700FB9AA7 /* Model */,
				B550680D25DAC1AC00E80037 /* Views */,
				B55067FD25DAC16A00E80037 /* ApiNews_v1_0App.swift */,
				B550680125DAC16B00E80037 /* Assets.xcassets */,
				B550680625DAC16B00E80037 /* Info.plist */,
				B550680325DAC16B00E80037 /* Preview Content */,
			);
			path = ApiNews_v1.0;
			sourceTree = "<group>";
		};
		B550680325DAC16B00E80037 /* Preview Content */ = {
			isa = PBXGroup;
			children = (
				B550680425DAC16B00E80037 /* Preview Assets.xcassets */,
			);
			path = "Preview Content";
			sourceTree = "<group>";
		};
		B550680D25DAC1AC00E80037 /* Views */ = {
			isa = PBXGroup;
			children = (
				B550680E25DAC1C500E80037 /* HomeView.swift */,
				B597C3F825DBE95200FB9AA7 /* ArticleView.swift */,
				B582C66725DD2B4000F75060 /* ErrorView.swift */,
			);
			path = Views;
			sourceTree = "<group>";
		};
		B597C3D225DAC76700FB9AA7 /* Model */ = {
			isa = PBXGroup;
			children = (
				B597C3D325DAC79600FB9AA7 /* NewsResponse.swift */,
			);
			path = Model;
			sourceTree = "<group>";
		};
		B597C3D725DAC87400FB9AA7 /* EndPoint */ = {
			isa = PBXGroup;
			children = (
				B597C3D825DAC8BD00FB9AA7 /* NewsEndPoint.swift */,
			);
			path = EndPoint;
			sourceTree = "<group>";
		};
		B597C3DC25DACAE600FB9AA7 /* Error */ = {
			isa = PBXGroup;
			children = (
				B597C3DD25DACB1100FB9AA7 /* APIError.swift */,
			);
			path = Error;
			sourceTree = "<group>";
		};
		B597C3E125DACFCB00FB9AA7 /* Service */ = {
			isa = PBXGroup;
			children = (
				B597C3E225DACFE600FB9AA7 /* NewsService.swift */,
			);
			path = Service;
			sourceTree = "<group>";
		};
		B597C3E625DBE11C00FB9AA7 /* States */ = {
			isa = PBXGroup;
			children = (
				B597C3E725DBE13100FB9AA7 /* ResultState.swift */,
			);
			path = States;
			sourceTree = "<group>";
		};
		B597C3EB25DBE1BE00FB9AA7 /* ViewModel */ = {
			isa = PBXGroup;
			children = (
				B597C3EC25DBE1D600FB9AA7 /* NewViewModel.swift */,
			);
			path = ViewModel;
			sourceTree = "<group>";
		};
/* End PBXGroup section */

/* Begin PBXNativeTarget section */
		B55067F925DAC16A00E80037 /* ApiNews_v1.0 */ = {
			isa = PBXNativeTarget;
			buildConfigurationList = B550680925DAC16B00E80037 /* Build configuration list for PBXNativeTarget "ApiNews_v1.0" */;
			buildPhases = (
				B55067F625DAC16A00E80037 /* Sources */,
				B55067F725DAC16A00E80037 /* Frameworks */,
				B55067F825DAC16A00E80037 /* Resources */,
			);
			buildRules = (
			);
			dependencies = (
			);
			name = ApiNews_v1.0;
			packageProductDependencies = (
				B597C3F125DBE91100FB9AA7 /* URLImage */,
			);
			productName = ApiNews_v1.0;
			productReference = B55067FA25DAC16A00E80037 /* ApiNews_v1.0.app */;
			productType = "com.apple.product-type.application";
		};
/* End PBXNativeTarget section */

/* Begin PBXProject section */
		B55067F225DAC16900E80037 /* Project object */ = {
			isa = PBXProject;
			attributes = {
				LastSwiftUpdateCheck = 1240;
				LastUpgradeCheck = 1240;
				TargetAttributes = {
					B55067F925DAC16A00E80037 = {
						CreatedOnToolsVersion = 12.4;
					};
				};
			};
			buildConfigurationList = B55067F525DAC16900E80037 /* Build configuration list for PBXProject "ApiNews_v1.0" */;
			compatibilityVersion = "Xcode 9.3";
			developmentRegion = en;
			hasScannedForEncodings = 0;
			knownRegions = (
				en,
				Base,
			);
			mainGroup = B55067F125DAC16900E80037;
			packageReferences = (
				B597C3F025DBE91100FB9AA7 /* XCRemoteSwiftPackageReference "url-image" */,
			);
			productRefGroup = B55067FB25DAC16A00E80037 /* Products */;
			projectDirPath = "";
			projectRoot = "";
			targets = (
				B55067F925DAC16A00E80037 /* ApiNews_v1.0 */,
			);
		};
/* End PBXProject section */

/* Begin PBXResourcesBuildPhase section */
		B55067F825DAC16A00E80037 /* Resources */ = {
			isa = PBXResourcesBuildPhase;
			buildActionMask = 2147483647;
			files = (
				B550680525DAC16B00E80037 /* Preview Assets.xcassets in Resources */,
				B550680225DAC16B00E80037 /* Assets.xcassets in Resources */,
			);
			runOnlyForDeploymentPostprocessing = 0;
		};
/* End PBXResourcesBuildPhase section */

/* Begin PBXSourcesBuildPhase section */
		B55067F625DAC16A00E80037 /* Sources */ = {
			isa = PBXSourcesBuildPhase;
			buildActionMask = 2147483647;
			files = (
				B597C3E825DBE13100FB9AA7 /* ResultState.swift in Sources */,
				B597C3E325DACFE600FB9AA7 /* NewsService.swift in Sources */,
				B550680F25DAC1C500E80037 /* HomeView.swift in Sources */,
				B597C3ED25DBE1D600FB9AA7 /* NewViewModel.swift in Sources */,
				B55067FE25DAC16A00E80037 /* ApiNews_v1_0App.swift in Sources */,
				B582C66825DD2B4000F75060 /* ErrorView.swift in Sources */,
				B597C3D425DAC79600FB9AA7 /* NewsResponse.swift in Sources */,
				B597C3DE25DACB1100FB9AA7 /* APIError.swift in Sources */,
				B597C3F925DBE95200FB9AA7 /* ArticleView.swift in Sources */,
				B597C3D925DAC8BD00FB9AA7 /* NewsEndPoint.swift in Sources */,
			);
			runOnlyForDeploymentPostprocessing = 0;
		};
/* End PBXSourcesBuildPhase section */

/* Begin XCBuildConfiguration section */
		B550680725DAC16B00E80037 /* Debug */ = {
			isa = XCBuildConfiguration;
			buildSettings = {
				ALWAYS_SEARCH_USER_PATHS = NO;
				CLANG_ANALYZER_NONNULL = YES;
				CLANG_ANALYZER_NUMBER_OBJECT_CONVERSION = YES_AGGRESSIVE;
				CLANG_CXX_LANGUAGE_STANDARD = "gnu++14";
				CLANG_CXX_LIBRARY = "libc++";
				CLANG_ENABLE_MODULES = YES;
				CLANG_ENABLE_OBJC_ARC = YES;
				CLANG_ENABLE_OBJC_WEAK = YES;
				CLANG_WARN_BLOCK_CAPTURE_AUTORELEASING = YES;
				CLANG_WARN_BOOL_CONVERSION = YES;
				CLANG_WARN_COMMA = YES;
				CLANG_WARN_CONSTANT_CONVERSION = YES;
				CLANG_WARN_DEPRECATED_OBJC_IMPLEMENTATIONS = YES;
				CLANG_WARN_DIRECT_OBJC_ISA_USAGE = YES_ERROR;
				CLANG_WARN_DOCUMENTATION_COMMENTS = YES;
				CLANG_WARN_EMPTY_BODY = YES;
				CLANG_WARN_ENUM_CONVERSION = YES;
				CLANG_WARN_INFINITE_RECURSION = YES;
				CLANG_WARN_INT_CONVERSION = YES;
				CLANG_WARN_NON_LITERAL_NULL_CONVERSION = YES;
				CLANG_WARN_OBJC_IMPLICIT_RETAIN_SELF = YES;
				CLANG_WARN_OBJC_LITERAL_CONVERSION = YES;
				CLANG_WARN_OBJC_ROOT_CLASS = YES_ERROR;
				CLANG_WARN_QUOTED_INCLUDE_IN_FRAMEWORK_HEADER = YES;
				CLANG_WARN_RANGE_LOOP_ANALYSIS = YES;
				CLANG_WARN_STRICT_PROTOTYPES = YES;
				CLANG_WARN_SUSPICIOUS_MOVE = YES;
				CLANG_WARN_UNGUARDED_AVAILABILITY = YES_AGGRESSIVE;
				CLANG_WARN_UNREACHABLE_CODE = YES;
				CLANG_WARN__DUPLICATE_METHOD_MATCH = YES;
				COPY_PHASE_STRIP = NO;
				DEBUG_INFORMATION_FORMAT = dwarf;
				ENABLE_STRICT_OBJC_MSGSEND = YES;
				ENABLE_TESTABILITY = YES;
				GCC_C_LANGUAGE_STANDARD = gnu11;
				GCC_DYNAMIC_NO_PIC = NO;
				GCC_NO_COMMON_BLOCKS = YES;
				GCC_OPTIMIZATION_LEVEL = 0;
				GCC_PREPROCESSOR_DEFINITIONS = (
					"DEBUG=1",
					"$(inherited)",
				);
				GCC_WARN_64_TO_32_BIT_CONVERSION = YES;
				GCC_WARN_ABOUT_RETURN_TYPE = YES_ERROR;
				GCC_WARN_UNDECLARED_SELECTOR = YES;
				GCC_WARN_UNINITIALIZED_AUTOS = YES_AGGRESSIVE;
				GCC_WARN_UNUSED_FUNCTION = YES;
				GCC_WARN_UNUSED_VARIABLE = YES;
				IPHONEOS_DEPLOYMENT_TARGET = 14.4;
				MTL_ENABLE_DEBUG_INFO = INCLUDE_SOURCE;
				MTL_FAST_MATH = YES;
				ONLY_ACTIVE_ARCH = YES;
				SDKROOT = iphoneos;
				SWIFT_ACTIVE_COMPILATION_CONDITIONS = DEBUG;
				SWIFT_OPTIMIZATION_LEVEL = "-Onone";
			};
			name = Debug;
		};
		B550680825DAC16B00E80037 /* Release */ = {
			isa = XCBuildConfiguration;
			buildSettings = {
				ALWAYS_SEARCH_USER_PATHS = NO;
				CLANG_ANALYZER_NONNULL = YES;
				CLANG_ANALYZER_NUMBER_OBJECT_CONVERSION = YES_AGGRESSIVE;
				CLANG_CXX_LANGUAGE_STANDARD = "gnu++14";
				CLANG_CXX_LIBRARY = "libc++";
				CLANG_ENABLE_MODULES = YES;
				CLANG_ENABLE_OBJC_ARC = YES;
				CLANG_ENABLE_OBJC_WEAK = YES;
				CLANG_WARN_BLOCK_CAPTURE_AUTORELEASING = YES;
				CLANG_WARN_BOOL_CONVERSION = YES;
				CLANG_WARN_COMMA = YES;
				CLANG_WARN_CONSTANT_CONVERSION = YES;
				CLANG_WARN_DEPRECATED_OBJC_IMPLEMENTATIONS = YES;
				CLANG_WARN_DIRECT_OBJC_ISA_USAGE = YES_ERROR;
				CLANG_WARN_DOCUMENTATION_COMMENTS = YES;
				CLANG_WARN_EMPTY_BODY = YES;
				CLANG_WARN_ENUM_CONVERSION = YES;
				CLANG_WARN_INFINITE_RECURSION = YES;
				CLANG_WARN_INT_CONVERSION = YES;
				CLANG_WARN_NON_LITERAL_NULL_CONVERSION = YES;
				CLANG_WARN_OBJC_IMPLICIT_RETAIN_SELF = YES;
				CLANG_WARN_OBJC_LITERAL_CONVERSION = YES;
				CLANG_WARN_OBJC_ROOT_CLASS = YES_ERROR;
				CLANG_WARN_QUOTED_INCLUDE_IN_FRAMEWORK_HEADER = YES;
				CLANG_WARN_RANGE_LOOP_ANALYSIS = YES;
				CLANG_WARN_STRICT_PROTOTYPES = YES;
				CLANG_WARN_SUSPICIOUS_MOVE = YES;
				CLANG_WARN_UNGUARDED_AVAILABILITY = YES_AGGRESSIVE;
				CLANG_WARN_UNREACHABLE_CODE = YES;
				CLANG_WARN__DUPLICATE_METHOD_MATCH = YES;
				COPY_PHASE_STRIP = NO;
				DEBUG_INFORMATION_FORMAT = "dwarf-with-dsym";
				ENABLE_NS_ASSERTIONS = NO;
				ENABLE_STRICT_OBJC_MSGSEND = YES;
				GCC_C_LANGUAGE_STANDARD = gnu11;
				GCC_NO_COMMON_BLOCKS = YES;
				GCC_WARN_64_TO_32_BIT_CONVERSION = YES;
				GCC_WARN_ABOUT_RETURN_TYPE = YES_ERROR;
				GCC_WARN_UNDECLARED_SELECTOR = YES;
				GCC_WARN_UNINITIALIZED_AUTOS = YES_AGGRESSIVE;
				GCC_WARN_UNUSED_FUNCTION = YES;
				GCC_WARN_UNUSED_VARIABLE = YES;
				IPHONEOS_DEPLOYMENT_TARGET = 14.4;
				MTL_ENABLE_DEBUG_INFO = NO;
				MTL_FAST_MATH = YES;
				SDKROOT = iphoneos;
				SWIFT_COMPILATION_MODE = wholemodule;
				SWIFT_OPTIMIZATION_LEVEL = "-O";
				VALIDATE_PRODUCT = YES;
			};
			name = Release;
		};
		B550680A25DAC16B00E80037 /* Debug */ = {
			isa = XCBuildConfiguration;
			buildSettings = {
				ASSETCATALOG_COMPILER_APPICON_NAME = AppIcon;
				ASSETCATALOG_COMPILER_GLOBAL_ACCENT_COLOR_NAME = AccentColor;
				CODE_SIGN_STYLE = Automatic;
				DEVELOPMENT_ASSET_PATHS = "\"ApiNews_v1.0/Preview Content\"";
				DEVELOPMENT_TEAM = 4YP5DUU8MU;
				ENABLE_PREVIEWS = YES;
				INFOPLIST_FILE = ApiNews_v1.0/Info.plist;
				IPHONEOS_DEPLOYMENT_TARGET = 14.0;
				LD_RUNPATH_SEARCH_PATHS = (
					"$(inherited)",
					"@executable_path/Frameworks",
				);
				PRODUCT_BUNDLE_IDENTIFIER = "com.emm.ApiNews-v1-0";
				PRODUCT_NAME = "$(TARGET_NAME)";
				SWIFT_VERSION = 5.0;
				TARGETED_DEVICE_FAMILY = "1,2";
			};
			name = Debug;
		};
		B550680B25DAC16B00E80037 /* Release */ = {
			isa = XCBuildConfiguration;
			buildSettings = {
				ASSETCATALOG_COMPILER_APPICON_NAME = AppIcon;
				ASSETCATALOG_COMPILER_GLOBAL_ACCENT_COLOR_NAME = AccentColor;
				CODE_SIGN_STYLE = Automatic;
				DEVELOPMENT_ASSET_PATHS = "\"ApiNews_v1.0/Preview Content\"";
				DEVELOPMENT_TEAM = 4YP5DUU8MU;
				ENABLE_PREVIEWS = YES;
				INFOPLIST_FILE = ApiNews_v1.0/Info.plist;
				IPHONEOS_DEPLOYMENT_TARGET = 14.0;
				LD_RUNPATH_SEARCH_PATHS = (
					"$(inherited)",
					"@executable_path/Frameworks",
				);
				PRODUCT_BUNDLE_IDENTIFIER = "com.emm.ApiNews-v1-0";
				PRODUCT_NAME = "$(TARGET_NAME)";
				SWIFT_VERSION = 5.0;
				TARGETED_DEVICE_FAMILY = "1,2";
			};
			name = Release;
		};
/* End XCBuildConfiguration section */

/* Begin XCConfigurationList section */
		B55067F525DAC16900E80037 /* Build configuration list for PBXProject "ApiNews_v1.0" */ = {
			isa = XCConfigurationList;
			buildConfigurations = (
				B550680725DAC16B00E80037 /* Debug */,
				B550680825DAC16B00E80037 /* Release */,
			);
			defaultConfigurationIsVisible = 0;
			defaultConfigurationName = Release;
		};
		B550680925DAC16B00E80037 /* Build configuration list for PBXNativeTarget "ApiNews_v1.0" */ = {
			isa = XCConfigurationList;
			buildConfigurations = (
				B550680A25DAC16B00E80037 /* Debug */,
				B550680B25DAC16B00E80037 /* Release */,
			);
			defaultConfigurationIsVisible = 0;
			defaultConfigurationName = Release;
		};
/* End XCConfigurationList section */

/* Begin XCRemoteSwiftPackageReference section */
		B597C3F025DBE91100FB9AA7 /* XCRemoteSwiftPackageReference "url-image" */ = {
			isa = XCRemoteSwiftPackageReference;
			repositoryURL = "https://github.com/dmytro-anokhin/url-image";
			requirement = {
				kind = upToNextMajorVersion;
				minimumVersion = 2.2.3;
			};
		};
/* End XCRemoteSwiftPackageReference section */

/* Begin XCSwiftPackageProductDependency section */
		B597C3F125DBE91100FB9AA7 /* URLImage */ = {
			isa = XCSwiftPackageProductDependency;
			package = B597C3F025DBE91100FB9AA7 /* XCRemoteSwiftPackageReference "url-image" */;
			productName = URLImage;
		};
/* End XCSwiftPackageProductDependency section */
	};
	rootObject = B55067F225DAC16900E80037 /* Project object */;
}
